<?xml version="1.0" encoding="utf-8"?>
<Project ToolsVersion="4.0" xmlns="http://schemas.microsoft.com/developer/msbuild/2003">
  <ItemGroup>
    <Filter Include="Source Files">
      <UniqueIdentifier>{4FC737F1-C7A5-4376-A066-2A32D752A2FF}</UniqueIdentifier>
      <Extensions>cpp;c;cc;cxx;c++;cppm;ixx;def;odl;idl;hpj;bat;asm;asmx</Extensions>
    </Filter>
    <Filter Include="Header Files">
      <UniqueIdentifier>{93995380-89BD-4b04-88EB-625FBE52EBFB}</UniqueIdentifier>
      <Extensions>h;hh;hpp;hxx;h++;hm;inl;inc;ipp;xsd</Extensions>
    </Filter>
    <Filter Include="Resource Files">
      <UniqueIdentifier>{67DA6AB6-F800-4c08-8B7A-83BB121AAD01}</UniqueIdentifier>
      <Extensions>rc;ico;cur;bmp;dlg;rc2;rct;bin;rgs;gif;jpg;jpeg;jpe;resx;tiff;tif;png;wav;mfcribbon-ms</Extensions>
    </Filter>
    <Filter Include="Source Files\Shaders">
      <UniqueIdentifier>{73222f11-3a43-4841-8d8a-587564409875}</UniqueIdentifier>
    </Filter>
    <Filter Include="Resource Files\world">
      <UniqueIdentifier>{374611d4-e7b3-4f22-b812-16119dad9d6b}</UniqueIdentifier>
    </Filter>
    <Filter Include="Resource Files\textures">
      <UniqueIdentifier>{0ddb6c14-383d-4087-845a-8a06a2ba90b5}</UniqueIdentifier>
    </Filter>
    <Filter Include="Resource Files\models">
      <UniqueIdentifier>{895b1a48-bb69-4d05-b5f1-286c78be39ee}</UniqueIdentifier>
    </Filter>
  </ItemGroup>
  <ItemGroup>
    <ClCompile Include="glad.c">
      <Filter>Source Files</Filter>
    </ClCompile>
    <ClCompile Include="main.cpp">
      <Filter>Source Files</Filter>
    </ClCompile>
    <ClCompile Include="BezierCurve.cpp">
      <Filter>Source Files</Filter>
    </ClCompile>
    <ClCompile Include="Shader.cpp">
      <Filter>Source Files</Filter>
    </ClCompile>
    <ClCompile Include="Camera.cpp">
      <Filter>Source Files</Filter>
    </ClCompile>
    <ClCompile Include="stb_image.cpp">
      <Filter>Source Files</Filter>
    </ClCompile>
    <ClCompile Include="Heightmap.cpp">
      <Filter>Source Files</Filter>
    </ClCompile>
    <ClCompile Include="Rollercoaster.cpp">
      <Filter>Source Files</Filter>
    </ClCompile>
    <ClCompile Include="Cart.cpp">
      <Filter>Source Files</Filter>
    </ClCompile>
    <ClCompile Include="Light.cpp">
      <Filter>Source Files</Filter>
    </ClCompile>
    <ClCompile Include="Water.cpp">
      <Filter>Source Files</Filter>
    </ClCompile>
    <ClCompile Include="Model.cpp">
      <Filter>Source Files</Filter>
    </ClCompile>
    <ClCompile Include="Utilities.cpp">
      <Filter>Source Files</Filter>
    </ClCompile>
    <ClCompile Include="SkyBox.cpp">
      <Filter>Source Files</Filter>
    </ClCompile>
    <ClCompile Include="BezierTrack.cpp">
      <Filter>Source Files</Filter>
    </ClCompile>
    <ClCompile Include="Scenery.cpp">
      <Filter>Source Files</Filter>
    </ClCompile>
    <ClCompile Include="Tree.cpp">
      <Filter>Source Files</Filter>
    </ClCompile>
    <ClCompile Include="Boat.cpp">
      <Filter>Source Files</Filter>
    </ClCompile>
    <ClCompile Include="Ship.cpp">
      <Filter>Source Files</Filter>
    </ClCompile>
    <ClCompile Include="Shipwreck.cpp">
      <Filter>Source Files</Filter>
    </ClCompile>
    <ClCompile Include="Tower.cpp">
      <Filter>Source Files</Filter>
    </ClCompile>
  </ItemGroup>
  <ItemGroup>
    <ClInclude Include="BezierCurve.h">
      <Filter>Header Files</Filter>
    </ClInclude>
    <ClInclude Include="Shader.h">
      <Filter>Header Files</Filter>
    </ClInclude>
    <ClInclude Include="Camera.h">
      <Filter>Header Files</Filter>
    </ClInclude>
    <ClInclude Include="resource.h">
      <Filter>Header Files</Filter>
    </ClInclude>
    <ClInclude Include="stb_image.h">
      <Filter>Header Files</Filter>
    </ClInclude>
    <ClInclude Include="Heightmap.h">
      <Filter>Header Files</Filter>
    </ClInclude>
    <ClInclude Include="Rollercoaster.h">
      <Filter>Header Files</Filter>
    </ClInclude>
    <ClInclude Include="Cart.h">
      <Filter>Header Files</Filter>
    </ClInclude>
    <ClInclude Include="Light.h">
      <Filter>Header Files</Filter>
    </ClInclude>
    <ClInclude Include="Water.h">
      <Filter>Header Files</Filter>
    </ClInclude>
    <ClInclude Include="Model.h">
      <Filter>Header Files</Filter>
    </ClInclude>
    <ClInclude Include="Utilities.h">
      <Filter>Header Files</Filter>
    </ClInclude>
    <ClInclude Include="SkyBox.h">
      <Filter>Header Files</Filter>
    </ClInclude>
    <ClInclude Include="BezierTrack.h">
      <Filter>Header Files</Filter>
    </ClInclude>
    <ClInclude Include="Scenery.h">
      <Filter>Header Files</Filter>
    </ClInclude>
    <ClInclude Include="Tree.h">
      <Filter>Header Files</Filter>
    </ClInclude>
    <ClInclude Include="Boat.h">
      <Filter>Header Files</Filter>
    </ClInclude>
    <ClInclude Include="Ship.h">
      <Filter>Header Files</Filter>
    </ClInclude>
    <ClInclude Include="Shipwreck.h">
      <Filter>Header Files</Filter>
    </ClInclude>
    <ClInclude Include="Tower.h">
      <Filter>Header Files</Filter>
    </ClInclude>
  </ItemGroup>
  <ItemGroup>
    <None Include="BezierShader.vert">
      <Filter>Source Files\Shaders</Filter>
    </None>
    <None Include="BezierShader.frag">
      <Filter>Source Files\Shaders</Filter>
    </None>
    <None Include="GrassShader.frag">
      <Filter>Source Files\Shaders</Filter>
    </None>
    <None Include="GrassShader.vert">
      <Filter>Source Files\Shaders</Filter>
    </None>
    <None Include="HeightmapShader.vert">
      <Filter>Source Files\Shaders</Filter>
    </None>
    <None Include="HeightmapShader.frag">
      <Filter>Source Files\Shaders</Filter>
    </None>
    <None Include="CartShader.vert">
      <Filter>Source Files\Shaders</Filter>
    </None>
    <None Include="LightSourceShader.frag">
      <Filter>Source Files\Shaders</Filter>
    </None>
    <None Include="LightSourceShader.vert">
      <Filter>Source Files\Shaders</Filter>
    </None>
    <None Include="LightingShader.frag">
      <Filter>Source Files\Shaders</Filter>
    </None>
    <None Include="LightingShader.vert">
      <Filter>Source Files\Shaders</Filter>
    </None>
    <None Include="CartShader.frag">
      <Filter>Source Files\Shaders</Filter>
    </None>
    <None Include="WaterShader.vert">
      <Filter>Source Files\Shaders</Filter>
    </None>
    <None Include="WaterShader.frag">
      <Filter>Source Files\Shaders</Filter>
    </None>
    <None Include="..\..\..\..\kenney_coaster-kit\Models\FBX format\coaster-train-front.fbx">
      <Filter>Resource Files\models</Filter>
    </None>
    <None Include="SkyBoxShader.vert">
      <Filter>Source Files\Shaders</Filter>
    </None>
    <None Include="SkyBoxShader.frag">
      <Filter>Source Files\Shaders</Filter>
    </None>
    <None Include="models\rollercoaster\coaster-mouse-straight.fbx">
      <Filter>Resource Files\models</Filter>
    </None>
    <None Include="models\cart\coaster-train.fbx">
      <Filter>Resource Files\models</Filter>
    </None>
    <None Include="SceneryShader.vert" />
    <None Include="SceneryShader.frag" />
  </ItemGroup>
  <ItemGroup>
    <Image Include="heightmap.png">
      <Filter>Resource Files\world</Filter>
    </Image>
    <Image Include="grass.jpg">
      <Filter>Resource Files\textures</Filter>
    </Image>
    <Image Include="textures\rock.jpg">
      <Filter>Resource Files\textures</Filter>
    </Image>
    <Image Include="textures\sand.jpg">
      <Filter>Resource Files\textures</Filter>
    </Image>
    <Image Include="textures\snow.jpg">
      <Filter>Resource Files\textures</Filter>
    </Image>
    <Image Include="textures\water.jpg">
      <Filter>Resource Files\textures</Filter>
    </Image>
    <Image Include="..\..\..\..\kenney_coaster-kit\Models\Textures\colormap.png">
      <Filter>Resource Files\models</Filter>
    </Image>
    <Image Include="models\lamp\Textures\untitled_Material.001_BaseColor.png">
      <Filter>Resource Files</Filter>
    </Image>
    <Image Include="skybox\back.jpg">
      <Filter>Resource Files</Filter>
    </Image>
    <Image Include="skybox\bottom.jpg">
      <Filter>Resource Files</Filter>
    </Image>
    <Image Include="skybox\front.jpg">
      <Filter>Resource Files</Filter>
    </Image>
    <Image Include="skybox\left.jpg">
      <Filter>Resource Files</Filter>
    </Image>
    <Image Include="skybox\right.jpg">
      <Filter>Resource Files</Filter>
    </Image>
    <Image Include="skybox\top.jpg">
      <Filter>Resource Files</Filter>
    </Image>
  </ItemGroup>
</Project>